
Microsoft Visual Studio Solution File, Format Version 12.00
# Visual Studio Version 17
VisualStudioVersion = 17.3.32929.385
MinimumVisualStudioVersion = 10.0.40219.1
Project("{8BC9CEB8-8B4A-11D0-8D11-00A0C91BC942}") = "BinarySearchTree", "BinarySearchTree\BinarySearchTree.vcxproj", "{08927272-42F2-49D8-8F34-7988A75DB495}"
EndProject
Project("{8BC9CEB8-8B4A-11D0-8D11-00A0C91BC942}") = "SortingAlgorithms", "SortingAlgorithms\SortingAlgorithms.vcxproj", "{EA1BE284-58ED-4EBB-BA07-EB6913965569}"
EndProject
Project("{8BC9CEB8-8B4A-11D0-8D11-00A0C91BC942}") = "PriorityQueues", "PriorityQueues\PriorityQueues.vcxproj", "{3CF58975-69FB-4985-9208-B98403EDB790}"
EndProject
Project("{2150E333-8FDC-42A3-9474-1A3956D46DE8}") = "Solution Items", "Solution Items", "{1A0D5C76-D49B-4AA5-8F3B-9BB7B3E10444}"
	ProjectSection(SolutionItems) = preProject
		readme.md = readme.md
	EndProjectSection
EndProject
Project("{8BC9CEB8-8B4A-11D0-8D11-00A0C91BC942}") = "Stacks", "Stacks\Stacks.vcxproj", "{FB492763-D29C-43F7-B163-D3A5F60206EF}"
EndProject
Global
	GlobalSection(SolutionConfigurationPlatforms) = preSolution
		Debug|x64 = Debug|x64
		Debug|x86 = Debug|x86
		Release|x64 = Release|x64
		Release|x86 = Release|x86
	EndGlobalSection
	GlobalSection(ProjectConfigurationPlatforms) = postSolution
		{08927272-42F2-49D8-8F34-7988A75DB495}.Debug|x64.ActiveCfg = Debug|x64
		{08927272-42F2-49D8-8F34-7988A75DB495}.Debug|x64.Build.0 = Debug|x64
		{08927272-42F2-49D8-8F34-7988A75DB495}.Debug|x86.ActiveCfg = Debug|Win32
		{08927272-42F2-49D8-8F34-7988A75DB495}.Debug|x86.Build.0 = Debug|Win32
		{08927272-42F2-49D8-8F34-7988A75DB495}.Release|x64.ActiveCfg = Release|x64
		{08927272-42F2-49D8-8F34-7988A75DB495}.Release|x64.Build.0 = Release|x64
		{08927272-42F2-49D8-8F34-7988A75DB495}.Release|x86.ActiveCfg = Release|Win32
		{08927272-42F2-49D8-8F34-7988A75DB495}.Release|x86.Build.0 = Release|Win32
		{EA1BE284-58ED-4EBB-BA07-EB6913965569}.Debug|x64.ActiveCfg = Debug|x64
		{EA1BE284-58ED-4EBB-BA07-EB6913965569}.Debug|x64.Build.0 = Debug|x64
		{EA1BE284-58ED-4EBB-BA07-EB6913965569}.Debug|x86.ActiveCfg = Debug|Win32
		{EA1BE284-58ED-4EBB-BA07-EB6913965569}.Debug|x86.Build.0 = Debug|Win32
		{EA1BE284-58ED-4EBB-BA07-EB6913965569}.Release|x64.ActiveCfg = Release|x64
		{EA1BE284-58ED-4EBB-BA07-EB6913965569}.Release|x64.Build.0 = Release|x64
		{EA1BE284-58ED-4EBB-BA07-EB6913965569}.Release|x86.ActiveCfg = Release|Win32
		{EA1BE284-58ED-4EBB-BA07-EB6913965569}.Release|x86.Build.0 = Release|Win32
		{3CF58975-69FB-4985-9208-B98403EDB790}.Debug|x64.ActiveCfg = Debug|x64
		{3CF58975-69FB-4985-9208-B98403EDB790}.Debug|x64.Build.0 = Debug|x64
		{3CF58975-69FB-4985-9208-B98403EDB790}.Debug|x86.ActiveCfg = Debug|Win32
		{3CF58975-69FB-4985-9208-B98403EDB790}.Debug|x86.Build.0 = Debug|Win32
		{3CF58975-69FB-4985-9208-B98403EDB790}.Release|x64.ActiveCfg = Release|x64
		{3CF58975-69FB-4985-9208-B98403EDB790}.Release|x64.Build.0 = Release|x64
		{3CF58975-69FB-4985-9208-B98403EDB790}.Release|x86.ActiveCfg = Release|Win32
		{3CF58975-69FB-4985-9208-B98403EDB790}.Release|x86.Build.0 = Release|Win32
		{FB492763-D29C-43F7-B163-D3A5F60206EF}.Debug|x64.ActiveCfg = Debug|x64
		{FB492763-D29C-43F7-B163-D3A5F60206EF}.Debug|x64.Build.0 = Debug|x64
		{FB492763-D29C-43F7-B163-D3A5F60206EF}.Debug|x86.ActiveCfg = Debug|Win32
		{FB492763-D29C-43F7-B163-D3A5F60206EF}.Debug|x86.Build.0 = Debug|Win32
		{FB492763-D29C-43F7-B163-D3A5F60206EF}.Release|x64.ActiveCfg = Release|x64
		{FB492763-D29C-43F7-B163-D3A5F60206EF}.Release|x64.Build.0 = Release|x64
		{FB492763-D29C-43F7-B163-D3A5F60206EF}.Release|x86.ActiveCfg = Release|Win32
		{FB492763-D29C-43F7-B163-D3A5F60206EF}.Release|x86.Build.0 = Release|Win32
	EndGlobalSection
	GlobalSection(SolutionProperties) = preSolution
		HideSolutionNode = FALSE
	EndGlobalSection
	GlobalSection(ExtensibilityGlobals) = postSolution
		SolutionGuid = {1812368F-4E9B-4683-80DF-E81B66FEA146}
	EndGlobalSection
EndGlobal
